# This file is automatically @generated by Cargo.
# It is not intended for manual editing.
version = 3

[[package]]
name = "apple-cf"
version = "0.9.0"
dependencies = [
 "doom-fish-utils",
]

[[package]]
name = "apple-metal"
version = "0.8.5"
dependencies = [
 "apple-cf",
 "libc",
]

[[package]]
name = "apple-mpsgraph"
version = "0.2.8"
dependencies = [
 "apple-metal",
]

[[package]]
name = "doom-fish-utils"
version = "0.2.0"

[[package]]
name = "libc"
version = "0.2.186"
source = "registry+https://github.com/rust-lang/crates.io-index"
checksum = "68ab91017fe16c622486840e4c83c9a37afeff978bd239b5293d61ece587de66"
